
Microsoft Visual Studio Solution File, Format Version 12.00
# Visual Studio Version 17
VisualStudioVersion = 17.0.31903.59
MinimumVisualStudioVersion = 10.0.40219.1
Project("{2150E333-8FDC-42A3-9474-1A3956D46DE8}") = "src", "src", "{64E7AFE2-C02A-4BC7-A5B3-9E2661A33474}"
EndProject
Project("{FAE04EC0-301F-11D3-BF4B-00C04F79EFBC}") = "Pacman.Domain", "src\Pacman.Domain\Pacman.Domain.csproj", "{4114A783-6891-4E7C-9E23-87B7EC6356EE}"
EndProject
Project("{2150E333-8FDC-42A3-9474-1A3956D46DE8}") = "tests", "tests", "{02946F29-3035-4FEF-8DE6-DADDE0C147A6}"
EndProject
Project("{FAE04EC0-301F-11D3-BF4B-00C04F79EFBC}") = "Domain.UnitTests", "tests\Domain.UnitTests\Domain.UnitTests.csproj", "{225D60FF-1215-40EE-9A63-E8495DCAEA7F}"
EndProject
Global
	GlobalSection(SolutionConfigurationPlatforms) = preSolution
		Debug|Any CPU = Debug|Any CPU
		Release|Any CPU = Release|Any CPU
	EndGlobalSection
	GlobalSection(SolutionProperties) = preSolution
		HideSolutionNode = FALSE
	EndGlobalSection
	GlobalSection(ProjectConfigurationPlatforms) = postSolution
		{4114A783-6891-4E7C-9E23-87B7EC6356EE}.Debug|Any CPU.ActiveCfg = Debug|Any CPU
		{4114A783-6891-4E7C-9E23-87B7EC6356EE}.Debug|Any CPU.Build.0 = Debug|Any CPU
		{4114A783-6891-4E7C-9E23-87B7EC6356EE}.Release|Any CPU.ActiveCfg = Release|Any CPU
		{4114A783-6891-4E7C-9E23-87B7EC6356EE}.Release|Any CPU.Build.0 = Release|Any CPU
		{225D60FF-1215-40EE-9A63-E8495DCAEA7F}.Debug|Any CPU.ActiveCfg = Debug|Any CPU
		{225D60FF-1215-40EE-9A63-E8495DCAEA7F}.Debug|Any CPU.Build.0 = Debug|Any CPU
		{225D60FF-1215-40EE-9A63-E8495DCAEA7F}.Release|Any CPU.ActiveCfg = Release|Any CPU
		{225D60FF-1215-40EE-9A63-E8495DCAEA7F}.Release|Any CPU.Build.0 = Release|Any CPU
	EndGlobalSection
	GlobalSection(NestedProjects) = preSolution
		{4114A783-6891-4E7C-9E23-87B7EC6356EE} = {64E7AFE2-C02A-4BC7-A5B3-9E2661A33474}
		{225D60FF-1215-40EE-9A63-E8495DCAEA7F} = {02946F29-3035-4FEF-8DE6-DADDE0C147A6}
	EndGlobalSection
EndGlobal
